
Microsoft Visual Studio Solution File, Format Version 12.00
# Visual Studio Version 16
VisualStudioVersion = 16.0.31729.503
MinimumVisualStudioVersion = 10.0.40219.1
Project("{9A19103F-16F7-4668-BE54-9A1E7A4F7556}") = "KnogUsbUtility", "src\KnogUsbUtility\KnogUsbUtility.csproj", "{47AD05D0-F521-4D60-91A8-A93F6FC0E068}"
EndProject
Project("{9A19103F-16F7-4668-BE54-9A1E7A4F7556}") = "Tests", "tests\KnogUsbUtility.Tests\Tests.csproj", "{0E1C7743-391F-4C90-B300-AB3AC45F9E9C}"
EndProject
Global
	GlobalSection(SolutionConfigurationPlatforms) = preSolution
		Debug|Any CPU = Debug|Any CPU
		Release|Any CPU = Release|Any CPU
	EndGlobalSection
	GlobalSection(ProjectConfigurationPlatforms) = postSolution
		{47AD05D0-F521-4D60-91A8-A93F6FC0E068}.Debug|Any CPU.ActiveCfg = Debug|Any CPU
		{47AD05D0-F521-4D60-91A8-A93F6FC0E068}.Debug|Any CPU.Build.0 = Debug|Any CPU
		{47AD05D0-F521-4D60-91A8-A93F6FC0E068}.Release|Any CPU.ActiveCfg = Release|Any CPU
		{47AD05D0-F521-4D60-91A8-A93F6FC0E068}.Release|Any CPU.Build.0 = Release|Any CPU
		{0E1C7743-391F-4C90-B300-AB3AC45F9E9C}.Debug|Any CPU.ActiveCfg = Debug|Any CPU
		{0E1C7743-391F-4C90-B300-AB3AC45F9E9C}.Debug|Any CPU.Build.0 = Debug|Any CPU
		{0E1C7743-391F-4C90-B300-AB3AC45F9E9C}.Release|Any CPU.ActiveCfg = Release|Any CPU
		{0E1C7743-391F-4C90-B300-AB3AC45F9E9C}.Release|Any CPU.Build.0 = Release|Any CPU
	EndGlobalSection
	GlobalSection(SolutionProperties) = preSolution
		HideSolutionNode = FALSE
	EndGlobalSection
	GlobalSection(ExtensibilityGlobals) = postSolution
		SolutionGuid = {A2461CBD-BC86-4F72-9940-FDD87EC7C741}
	EndGlobalSection
EndGlobal
